{
  "name": "node",
  "version": "1.0.0",
  "lockfileVersion": 3,
  "requires": true,
  "packages": {
    "": {
      "dependencies": {
        "typescript": "^5.3.2"
      }
    },
    "node_modules/typescript": {
      "version": "5.7.3",
      "resolved": "https://registry.npmjs.org/typescript/-/typescript-5.7.3.tgz",
      "integrity": "sha512-84MVSjMEHP+FQRPy3pX9sTVV/INIex71s9TL2Gm5FG/WG1SqXeKyZ0k7/blY/4FdOzI12CBy1vGc4og/eus0fw==",
      "bin": {
        "tsc": "bin/tsc",
        "tsserver": "bin/tsserver"
      },
      "engines": {
        "node": ">=14.17"
      }
    },
    "sdk": {
      "name": "@dagger.io/dagger",
      "version": "0.0.0",
      "extraneous": true,
      "license": "Apache-2.0",
      "dependencies": {
        "@grpc/grpc-js": "^1.13.1",
        "@lifeomic/axios-fetch": "^3.1.0",
        "@opentelemetry/api": "^1.9.0",
        "@opentelemetry/core": "^2.0.0",
        "@opentelemetry/exporter-trace-otlp-http": "^0.200.0",
        "@opentelemetry/sdk-metrics": "^2.0.0",
        "@opentelemetry/sdk-node": "^0.200.0",
        "@opentelemetry/semantic-conventions": "^1.30.0",
        "adm-zip": "^0.5.16",
        "env-paths": "^3.0.0",
        "execa": "^9.5.2",
        "graphql": "^16.10.0",
        "graphql-request": "^7.1.2",
        "graphql-tag": "^2.12.6",
        "node-color-log": "^12.0.1",
        "node-fetch": "^3.3.2",
        "reflect-metadata": "^0.2.2",
        "tar": "^7.4.2",
        "typescript": "^5.8.2"
      },
      "devDependencies": {
        "@eslint/js": "^10.0.0",
        "@trivago/prettier-plugin-sort-imports": "^5.2.2",
        "@types/adm-zip": "^0.5.7",
        "@types/mocha": "^10.0.10",
        "@types/node": "~22.13.13",
        "@types/tar": "^6.1.13",
        "@typescript-eslint/eslint-plugin": "^8.27.0",
        "@typescript-eslint/parser": "^8.27.0",
        "eslint": "^9.23.0",
        "eslint-config-prettier": "^10.1.1",
        "eslint-plugin-prettier": "^5.2.4",
        "mocha": "^11.1.0",
        "prettier": "^3.5.3",
        "ts-node": "^10.9.2",
        "tsx": "^4.19.3",
        "typescript-eslint": "^8.27.0"
      },
      "engines": {
        "node": ">=18"
      }
    }
  }
}
