# Generated by Dagger. Pins the images and git refs this workspace uses.
# Any Dagger command may update this file; always commit it with your changes.
# Run `dagger workspace update` to refresh the pinned versions.
[["version","2"]]
["","git-latest",["github.com/dagger/dang-sdk"],"refs/tags/v1"]
["","git-latest",["github.com/dagger/go-sdk"],"refs/tags/v1"]
["","git-latest",["github.com/dagger/sdk-helpers",["version","v1"]],"refs/tags/v1.0.2"]
["","git-latest",["github.com/vito/agents",["tagPrefix","committer"]],"refs/heads/main"]
["","git-latest",["github.com/vito/agents",["tagPrefix","contributor"]],"refs/heads/main"]
["","git-latest",["github.com/vito/agents",["tagPrefix","staff"]],"refs/heads/main"]
["","git-latest",["github.com/vito/editor"],"refs/heads/main"]
["","git-sha",["github.com/dagger/dang-sdk","refs/tags/v1"],"a12114087162920ee4fd3c34033a640eb05eef61"]
["","git-sha",["github.com/dagger/go-sdk","refs/tags/v1"],"043e8c089210667fa38c9d64238075d884cdd66f"]
["","git-sha",["github.com/dagger/sdk-helpers","refs/tags/v1.0.2"],"e5e38a5f0778c5a804931d95e5d0d9953668049a"]
["","git-sha",["github.com/vito/agents","refs/heads/main"],"1cec1c0e6bd0feaae92941073fa42e46e6558060"]
["","git-sha",["github.com/vito/editor","refs/heads/main"],"5481e5ce3a8b97ffb8beaee3a569ad9100e16167"]