[["version","2"]]
["","git-latest",["https://github.com/dagger/dang-sdk"],"refs/heads/main"]
["","git-latest",["https://github.com/dagger/go-sdk"],"refs/heads/main"]
["","git-latest",["https://github.com/vito/editor"],"refs/heads/main"]
["","git-sha",["https://github.com/containernetworking/plugins","refs/tags/v1.9.0"],"9b3772e1a7abf93cbb7c6526a28bc0d27b830e02"]
["","git-sha",["https://github.com/dagger/dang-sdk","refs/heads/main"],"5da26366fca40ccbb66ac2f97f57ed95a8f3c17a"]
["","git-sha",["https://github.com/dagger/go-sdk","refs/heads/main"],"9b6c556101f8fdace897aa3ed1ff9e3efb344e34"]
["","git-sha",["https://github.com/gogo/googleapis.git","refs/tags/v1.4.1"],"1f0e43f50bc0606e385ffae1bc80b5b231dcd042"]
["","git-sha",["https://github.com/gogo/protobuf.git","refs/tags/v1.3.2"],"b03c65ea87cdc3521ede29f62fe3ce239267c1bc"]
["","git-sha",["https://github.com/libfuse/sshfs.git","refs/tags/sshfs-3.7.6"],"7a2d988775446ebe7af9b01c99b3b8e86bddb05a"]
["","git-sha",["https://github.com/opencontainers/runc","refs/tags/v1.4.2"],"c241c0bb5e60a8e8c1b2e53d4eca8d0068d8d57e"]
["","git-sha",["https://github.com/vito/editor","refs/heads/main"],"1e1ded886d1252071f8b50ada6a4580af8c53866"]
["","oci-latest",["docker.io/library/busybox"],"1.38.0"]
["","oci-latest",["docker.io/tmknom/markdownlint"],"latest"]
["","oci-sha",["docker.io/library/busybox:1.38.0"],"sha256:dc2d74b28e4cf8984fa52af1f39bc7c3d9c73760b41a74d629f5d11b1ab28616"]
["","oci-sha",["docker.io/library/docker:cli"],"sha256:000bb62ff495f986c9f5578eb67cc2cb98b91138eda81d7762d5371eb8a497fe"]
["","oci-sha",["docker.io/library/golang:1.26-alpine"],"sha256:28d89ee9cc0ff9fec75c82ca201e6bf7fdf9a679d4b7b24dfa04f2bb766bb468"]
["","oci-sha",["docker.io/library/node:22.22.0-alpine"],"sha256:e4bf2a82ad0a4037d28035ae71529873c069b13eb0455466ae0bc13363826e34"]
["","oci-sha",["docker.io/library/node:lts-alpine"],"sha256:d32cdf619f63fe0471182d08996dd516c6275bb5fd31ae06e55a570bd9e1ad43"]
["","oci-sha",["docker.io/library/python:3.13-slim"],"sha256:7e3a6aca9d74f93cca21a91d86a8dad8c34749afd5b4a98ee481c9c47b9f5ed4"]
["","oci-sha",["docker.io/tmknom/markdownlint:latest"],"sha256:a9509a9d50a82781aa4cd0a48f182da55233071fb19454bc70cecc2782359c3c"]
["","oci-sha",["docker.io/tonistiigi/xx:1.2.1"],"sha256:8879a398dedf0aadaacfbd332b29ff2f84bc39ae6d4e9c0a1109db27ac5ba012"]
["","oci-sha",["ghcr.io/miniscruff/changie:v1.21.0"],"sha256:5eaf4f7e3607dea190551802bc34e7a2084cdb3b41e55e1ce8dc353661549a3e"]
