# This file was autogenerated by uv via the following command:
#    uv pip compile -o tools/hatch/requirements.lock tools/hatch/requirements.in
anyio==4.3.0
    # via httpx
certifi==2024.2.2
    # via
    #   httpcore
    #   httpx
click==8.1.7
    # via
    #   hatch
    #   userpath
distlib==0.3.8
    # via virtualenv
editables==0.5
    # via hatchling
filelock==3.13.4
    # via virtualenv
h11==0.14.0
    # via httpcore
hatch==1.9.4
hatchling==1.21.1
    # via hatch
httpcore==1.0.5
    # via httpx
httpx==0.27.0
    # via hatch
hyperlink==21.0.0
    # via hatch
idna==3.7
    # via
    #   anyio
    #   httpx
    #   hyperlink
jaraco-classes==3.4.0
    # via keyring
jaraco-context==5.3.0
    # via keyring
jaraco-functools==4.0.0
    # via keyring
keyring==25.1.0
    # via hatch
markdown-it-py==3.0.0
    # via rich
mdurl==0.1.2
    # via markdown-it-py
more-itertools==10.2.0
    # via
    #   jaraco-classes
    #   jaraco-functools
packaging==24.0
    # via
    #   hatch
    #   hatchling
pathspec==0.12.1
    # via hatchling
pexpect==4.9.0
    # via hatch
platformdirs==4.2.0
    # via
    #   hatch
    #   virtualenv
pluggy==1.4.0
    # via hatchling
ptyprocess==0.7.0
    # via pexpect
pygments==2.17.2
    # via rich
rich==13.7.1
    # via hatch
shellingham==1.5.4
    # via hatch
sniffio==1.3.1
    # via
    #   anyio
    #   httpx
tomli-w==1.0.0
    # via hatch
tomlkit==0.12.4
    # via hatch
trove-classifiers==2024.4.10
    # via hatchling
userpath==1.9.2
    # via hatch
virtualenv==20.25.1
    # via hatch
zstandard==0.22.0
    # via hatch
