# THIS IS AN AUTOGENERATED FILE. DO NOT EDIT THIS FILE DIRECTLY.
# yarn lockfile v1


"bats-assert@https://github.com/bats-core/bats-assert":
  version "2.0.0"
  resolved "https://github.com/bats-core/bats-assert#4bdd58d3fbcdce3209033d44d884e87add1d8405"

"bats-support@https://github.com/bats-core/bats-support":
  version "0.3.0"
  resolved "https://github.com/bats-core/bats-support#d140a65044b2d6810381935ae7f0c94c7023c8c3"

"bats@https://github.com/bats-core/bats-core#v1.7.0":
  version "1.7.0"
  resolved "https://github.com/bats-core/bats-core#410dd229a5ed005c68167cc90ed0712ad2a1c909"
