# This file was autogenerated by uv via the following command:
#    uv pip compile --generate-hashes -o requirements.lock sdk/pyproject.toml pyproject.toml
anyio==4.3.0 \
    --hash=sha256:048e05d0f6caeed70d731f3db756d35dcc1f35747c8c403364a8332c630441b8 \
    --hash=sha256:f75253795a87df48568485fd18cdd2a3fa5c4f7c5be8e5e36637733fce06fed6
    # via
    #   gql
    #   httpx
attrs==23.2.0 \
    --hash=sha256:935dc3b529c262f6cf76e50877d35a4bd3c1de194fd41f47a2b7ae8f19971f30 \
    --hash=sha256:99b87a485a5820b23b879f04c2305b44b951b502fd64be915879d77a7e8fc6f1
    # via cattrs
backoff==2.2.1 \
    --hash=sha256:03f829f5bb1923180821643f8753b0502c3b682293992485b0eef2807afa5cba \
    --hash=sha256:63579f9a0628e06278f7e47b7d7d5b6ce20dc65c5e96a6f3ca99a6adca0396e8
    # via gql
beartype==0.18.2 \
    --hash=sha256:561aa7858e92289b952a6fc5faf15ea32f9519c07cdc0f4df7a01b59fc4bbeaf \
    --hash=sha256:a6fbc0be9269889312388bfec6a9ddf41bf8fe31b68bcf9c8239db35cd38f411
cattrs==23.2.3 \
    --hash=sha256:0341994d94971052e9ee70662542699a3162ea1e0c62f7ce1b4a57f563685108 \
    --hash=sha256:a934090d95abaa9e911dac357e3a8699e0b4b14f8529bcc7d2b1ad9d51672b9f
certifi==2024.2.2 \
    --hash=sha256:0569859f95fc761b18b45ef421b1290a0f65f147e92a1e5eb3e635f9a5e4e66f \
    --hash=sha256:dc383c07b76109f368f6106eee2b593b04a011ea4d55f652c6ca24a754d1cdd1
    # via
    #   httpcore
    #   httpx
gql==3.5.0 \
    --hash=sha256:70dda5694a5b194a8441f077aa5fb70cc94e4ec08016117523f013680901ecb7 \
    --hash=sha256:ccb9c5db543682b28f577069950488218ed65d4ac70bb03b6929aaadaf636de9
graphql-core==3.2.3 \
    --hash=sha256:06d2aad0ac723e35b1cb47885d3e5c45e956a53bc1b209a9fc5369007fe46676 \
    --hash=sha256:5766780452bd5ec8ba133f8bf287dc92713e3868ddd83aee4faab9fc3e303dc3
    # via gql
h11==0.14.0 \
    --hash=sha256:8f19fbbe99e72420ff35c00b27a34cb9937e902a8b810e2c88300c6f0a3b699d \
    --hash=sha256:e3fe4ac4b851c468cc8363d500db52c2ead036020723024a109d37346efaa761
    # via httpcore
httpcore==1.0.5 \
    --hash=sha256:34a38e2f9291467ee3b44e89dd52615370e152954ba21721378a87b2960f7a61 \
    --hash=sha256:421f18bac248b25d310f3cacd198d55b8e6125c107797b609ff9b7a6ba7991b5
    # via httpx
httpx==0.27.0 \
    --hash=sha256:71d5465162c13681bff01ad59b2cc68dd838ea1f10e51574bac27103f00c91a5 \
    --hash=sha256:a0cb88a46f32dc874e04ee956e4c2764aba2aa228f650b06788ba6bda2962ab5
    # via gql
idna==3.6 \
    --hash=sha256:9ecdbbd083b06798ae1e86adcbfe8ab1479cf864e4ee30fe4e46a003d12491ca \
    --hash=sha256:c05567e9c24a6b9faaa835c4821bad0590fbb9d5779e7caa6e1cc4978e7eb24f
    # via
    #   anyio
    #   httpx
    #   yarl
markdown-it-py==3.0.0 \
    --hash=sha256:355216845c60bd96232cd8d8c40e8f9765cc86f46880e43a8fd22dc1a1a8cab1 \
    --hash=sha256:e3f60a94fa066dc52ec76661e37c851cb232d92f9886b15cb560aaada2df8feb
    # via rich
mdurl==0.1.2 \
    --hash=sha256:84008a41e51615a49fc9966191ff91509e3c40b939176e643fd50a5c2196b8f8 \
    --hash=sha256:bb413d29f5eea38f31dd4754dd7377d4465116fb207585f97bf925588687c1ba
    # via markdown-it-py
multidict==6.0.5 \
    --hash=sha256:01265f5e40f5a17f8241d52656ed27192be03bfa8764d88e8220141d1e4b3556 \
    --hash=sha256:0275e35209c27a3f7951e1ce7aaf93ce0d163b28948444bec61dd7badc6d3f8c \
    --hash=sha256:04bde7a7b3de05732a4eb39c94574db1ec99abb56162d6c520ad26f83267de29 \
    --hash=sha256:04da1bb8c8dbadf2a18a452639771951c662c5ad03aefe4884775454be322c9b \
    --hash=sha256:09a892e4a9fb47331da06948690ae38eaa2426de97b4ccbfafbdcbe5c8f37ff8 \
    --hash=sha256:0d63c74e3d7ab26de115c49bffc92cc77ed23395303d496eae515d4204a625e7 \
    --hash=sha256:107c0cdefe028703fb5dafe640a409cb146d44a6ae201e55b35a4af8e95457dd \
    --hash=sha256:141b43360bfd3bdd75f15ed811850763555a251e38b2405967f8e25fb43f7d40 \
    --hash=sha256:14c2976aa9038c2629efa2c148022ed5eb4cb939e15ec7aace7ca932f48f9ba6 \
    --hash=sha256:19fe01cea168585ba0f678cad6f58133db2aa14eccaf22f88e4a6dccadfad8b3 \
    --hash=sha256:1d147090048129ce3c453f0292e7697d333db95e52616b3793922945804a433c \
    --hash=sha256:1d9ea7a7e779d7a3561aade7d596649fbecfa5c08a7674b11b423783217933f9 \
    --hash=sha256:215ed703caf15f578dca76ee6f6b21b7603791ae090fbf1ef9d865571039ade5 \
    --hash=sha256:21fd81c4ebdb4f214161be351eb5bcf385426bf023041da2fd9e60681f3cebae \
    --hash=sha256:220dd781e3f7af2c2c1053da9fa96d9cf3072ca58f057f4c5adaaa1cab8fc442 \
    --hash=sha256:228b644ae063c10e7f324ab1ab6b548bdf6f8b47f3ec234fef1093bc2735e5f9 \
    --hash=sha256:29bfeb0dff5cb5fdab2023a7a9947b3b4af63e9c47cae2a10ad58394b517fddc \
    --hash=sha256:2f4848aa3baa109e6ab81fe2006c77ed4d3cd1e0ac2c1fbddb7b1277c168788c \
    --hash=sha256:2faa5ae9376faba05f630d7e5e6be05be22913782b927b19d12b8145968a85ea \
    --hash=sha256:2ffc42c922dbfddb4a4c3b438eb056828719f07608af27d163191cb3e3aa6cc5 \
    --hash=sha256:37b15024f864916b4951adb95d3a80c9431299080341ab9544ed148091b53f50 \
    --hash=sha256:3cc2ad10255f903656017363cd59436f2111443a76f996584d1077e43ee51182 \
    --hash=sha256:3d25f19500588cbc47dc19081d78131c32637c25804df8414463ec908631e453 \
    --hash=sha256:403c0911cd5d5791605808b942c88a8155c2592e05332d2bf78f18697a5fa15e \
    --hash=sha256:411bf8515f3be9813d06004cac41ccf7d1cd46dfe233705933dd163b60e37600 \
    --hash=sha256:425bf820055005bfc8aa9a0b99ccb52cc2f4070153e34b701acc98d201693733 \
    --hash=sha256:435a0984199d81ca178b9ae2c26ec3d49692d20ee29bc4c11a2a8d4514c67eda \
    --hash=sha256:4a6a4f196f08c58c59e0b8ef8ec441d12aee4125a7d4f4fef000ccb22f8d7241 \
    --hash=sha256:4cc0ef8b962ac7a5e62b9e826bd0cd5040e7d401bc45a6835910ed699037a461 \
    --hash=sha256:51d035609b86722963404f711db441cf7134f1889107fb171a970c9701f92e1e \
    --hash=sha256:53689bb4e102200a4fafa9de9c7c3c212ab40a7ab2c8e474491914d2305f187e \
    --hash=sha256:55205d03e8a598cfc688c71ca8ea5f66447164efff8869517f175ea632c7cb7b \
    --hash=sha256:5c0631926c4f58e9a5ccce555ad7747d9a9f8b10619621f22f9635f069f6233e \
    --hash=sha256:5cb241881eefd96b46f89b1a056187ea8e9ba14ab88ba632e68d7a2ecb7aadf7 \
    --hash=sha256:60d698e8179a42ec85172d12f50b1668254628425a6bd611aba022257cac1386 \
    --hash=sha256:612d1156111ae11d14afaf3a0669ebf6c170dbb735e510a7438ffe2369a847fd \
    --hash=sha256:6214c5a5571802c33f80e6c84713b2c79e024995b9c5897f794b43e714daeec9 \
    --hash=sha256:6939c95381e003f54cd4c5516740faba40cf5ad3eeff460c3ad1d3e0ea2549bf \
    --hash=sha256:69db76c09796b313331bb7048229e3bee7928eb62bab5e071e9f7fcc4879caee \
    --hash=sha256:6bf7a982604375a8d49b6cc1b781c1747f243d91b81035a9b43a2126c04766f5 \
    --hash=sha256:766c8f7511df26d9f11cd3a8be623e59cca73d44643abab3f8c8c07620524e4a \
    --hash=sha256:76c0de87358b192de7ea9649beb392f107dcad9ad27276324c24c91774ca5271 \
    --hash=sha256:76f067f5121dcecf0d63a67f29080b26c43c71a98b10c701b0677e4a065fbd54 \
    --hash=sha256:7901c05ead4b3fb75113fb1dd33eb1253c6d3ee37ce93305acd9d38e0b5f21a4 \
    --hash=sha256:79660376075cfd4b2c80f295528aa6beb2058fd289f4c9252f986751a4cd0496 \
    --hash=sha256:79a6d2ba910adb2cbafc95dad936f8b9386e77c84c35bc0add315b856d7c3abb \
    --hash=sha256:7afcdd1fc07befad18ec4523a782cde4e93e0a2bf71239894b8d61ee578c1319 \
    --hash=sha256:7be7047bd08accdb7487737631d25735c9a04327911de89ff1b26b81745bd4e3 \
    --hash=sha256:7c6390cf87ff6234643428991b7359b5f59cc15155695deb4eda5c777d2b880f \
    --hash=sha256:7df704ca8cf4a073334e0427ae2345323613e4df18cc224f647f251e5e75a527 \
    --hash=sha256:85f67aed7bb647f93e7520633d8f51d3cbc6ab96957c71272b286b2f30dc70ed \
    --hash=sha256:896ebdcf62683551312c30e20614305f53125750803b614e9e6ce74a96232604 \
    --hash=sha256:92d16a3e275e38293623ebf639c471d3e03bb20b8ebb845237e0d3664914caef \
    --hash=sha256:99f60d34c048c5c2fabc766108c103612344c46e35d4ed9ae0673d33c8fb26e8 \
    --hash=sha256:9fe7b0653ba3d9d65cbe7698cca585bf0f8c83dbbcc710db9c90f478e175f2d5 \
    --hash=sha256:a3145cb08d8625b2d3fee1b2d596a8766352979c9bffe5d7833e0503d0f0b5e5 \
    --hash=sha256:aeaf541ddbad8311a87dd695ed9642401131ea39ad7bc8cf3ef3967fd093b626 \
    --hash=sha256:b55358304d7a73d7bdf5de62494aaf70bd33015831ffd98bc498b433dfe5b10c \
    --hash=sha256:b82cc8ace10ab5bd93235dfaab2021c70637005e1ac787031f4d1da63d493c1d \
    --hash=sha256:c0868d64af83169e4d4152ec612637a543f7a336e4a307b119e98042e852ad9c \
    --hash=sha256:c1c1496e73051918fcd4f58ff2e0f2f3066d1c76a0c6aeffd9b45d53243702cc \
    --hash=sha256:c9bf56195c6bbd293340ea82eafd0071cb3d450c703d2c93afb89f93b8386ccc \
    --hash=sha256:cbebcd5bcaf1eaf302617c114aa67569dd3f090dd0ce8ba9e35e9985b41ac35b \
    --hash=sha256:cd6c8fca38178e12c00418de737aef1261576bd1b6e8c6134d3e729a4e858b38 \
    --hash=sha256:ceb3b7e6a0135e092de86110c5a74e46bda4bd4fbfeeb3a3bcec79c0f861e450 \
    --hash=sha256:cf590b134eb70629e350691ecca88eac3e3b8b3c86992042fb82e3cb1830d5e1 \
    --hash=sha256:d3eb1ceec286eba8220c26f3b0096cf189aea7057b6e7b7a2e60ed36b373b77f \
    --hash=sha256:d65f25da8e248202bd47445cec78e0025c0fe7582b23ec69c3b27a640dd7a8e3 \
    --hash=sha256:d6f6d4f185481c9669b9447bf9d9cf3b95a0e9df9d169bbc17e363b7d5487755 \
    --hash=sha256:d84a5c3a5f7ce6db1f999fb9438f686bc2e09d38143f2d93d8406ed2dd6b9226 \
    --hash=sha256:d946b0a9eb8aaa590df1fe082cee553ceab173e6cb5b03239716338629c50c7a \
    --hash=sha256:dce1c6912ab9ff5f179eaf6efe7365c1f425ed690b03341911bf4939ef2f3046 \
    --hash=sha256:de170c7b4fe6859beb8926e84f7d7d6c693dfe8e27372ce3b76f01c46e489fcf \
    --hash=sha256:e02021f87a5b6932fa6ce916ca004c4d441509d33bbdbeca70d05dff5e9d2479 \
    --hash=sha256:e030047e85cbcedbfc073f71836d62dd5dadfbe7531cae27789ff66bc551bd5e \
    --hash=sha256:e0e79d91e71b9867c73323a3444724d496c037e578a0e1755ae159ba14f4f3d1 \
    --hash=sha256:e4428b29611e989719874670fd152b6625500ad6c686d464e99f5aaeeaca175a \
    --hash=sha256:e4972624066095e52b569e02b5ca97dbd7a7ddd4294bf4e7247d52635630dd83 \
    --hash=sha256:e7be68734bd8c9a513f2b0cfd508802d6609da068f40dc57d4e3494cefc92929 \
    --hash=sha256:e8e94e6912639a02ce173341ff62cc1201232ab86b8a8fcc05572741a5dc7d93 \
    --hash=sha256:ea1456df2a27c73ce51120fa2f519f1bea2f4a03a917f4a43c8707cf4cbbae1a \
    --hash=sha256:ebd8d160f91a764652d3e51ce0d2956b38efe37c9231cd82cfc0bed2e40b581c \
    --hash=sha256:eca2e9d0cc5a889850e9bbd68e98314ada174ff6ccd1129500103df7a94a7a44 \
    --hash=sha256:edd08e6f2f1a390bf137080507e44ccc086353c8e98c657e666c017718561b89 \
    --hash=sha256:f285e862d2f153a70586579c15c44656f888806ed0e5b56b64489afe4a2dbfba \
    --hash=sha256:f2a1dee728b52b33eebff5072817176c172050d44d67befd681609b4746e1c2e \
    --hash=sha256:f7e301075edaf50500f0b341543c41194d8df3ae5caf4702f2095f3ca73dd8da \
    --hash=sha256:fb616be3538599e797a2017cccca78e354c767165e8858ab5116813146041a24 \
    --hash=sha256:fce28b3c8a81b6b36dfac9feb1de115bab619b3c13905b419ec71d03a3fc1423 \
    --hash=sha256:fe5d7785250541f7f5019ab9cba2c71169dc7d74d0f45253f8313f436458a4ef
    # via yarl
platformdirs==4.2.0 \
    --hash=sha256:0614df2a2f37e1a662acbd8e2b25b92ccf8632929bc6d43467e17fe89c75e068 \
    --hash=sha256:ef0cc731df711022c174543cb70a9b5bd22e5a9337c8624ef2c2ceb8ddad8768
pygments==2.17.2 \
    --hash=sha256:b27c2826c47d0f3219f29554824c30c5e8945175d888647acd804ddd04af846c \
    --hash=sha256:da46cec9fd2de5be3a8a784f434e4c4ab670b4ff54d605c4c2717e9d49c4c367
    # via rich
rich==13.7.1 \
    --hash=sha256:4edbae314f59eb482f54e9e30bf00d33350aaa94f4bfcd4e9e3110e64d0d7222 \
    --hash=sha256:9be308cb1fe2f1f57d67ce99e95af38a1e2bc71ad9813b0e247cf7ffbcc3a432
sniffio==1.3.1 \
    --hash=sha256:2f6da418d1f1e0fddd844478f41680e794e6051915791a034ff65e5f100525a2 \
    --hash=sha256:f4324edc670a0f49750a81b895f35c3adb843cca46f0530f79fc1babb23789dc
    # via
    #   anyio
    #   httpx
typing-extensions==4.10.0 \
    --hash=sha256:69b1a937c3a517342112fb4c6df7e72fc39a38e7891a5730ed4985b5214b5475 \
    --hash=sha256:b0abd7c89e8fb96f98db18d86106ff1d90ab692004eb746cf6eda2682f91b3cb
yarl==1.9.4 \
    --hash=sha256:008d3e808d03ef28542372d01057fd09168419cdc8f848efe2804f894ae03e51 \
    --hash=sha256:03caa9507d3d3c83bca08650678e25364e1843b484f19986a527630ca376ecce \
    --hash=sha256:07574b007ee20e5c375a8fe4a0789fad26db905f9813be0f9fef5a68080de559 \
    --hash=sha256:09efe4615ada057ba2d30df871d2f668af661e971dfeedf0c159927d48bbeff0 \
    --hash=sha256:0d2454f0aef65ea81037759be5ca9947539667eecebca092733b2eb43c965a81 \
    --hash=sha256:0e9d124c191d5b881060a9e5060627694c3bdd1fe24c5eecc8d5d7d0eb6faabc \
    --hash=sha256:18580f672e44ce1238b82f7fb87d727c4a131f3a9d33a5e0e82b793362bf18b4 \
    --hash=sha256:1f23e4fe1e8794f74b6027d7cf19dc25f8b63af1483d91d595d4a07eca1fb26c \
    --hash=sha256:206a55215e6d05dbc6c98ce598a59e6fbd0c493e2de4ea6cc2f4934d5a18d130 \
    --hash=sha256:23d32a2594cb5d565d358a92e151315d1b2268bc10f4610d098f96b147370136 \
    --hash=sha256:26a1dc6285e03f3cc9e839a2da83bcbf31dcb0d004c72d0730e755b33466c30e \
    --hash=sha256:29e0f83f37610f173eb7e7b5562dd71467993495e568e708d99e9d1944f561ec \
    --hash=sha256:2b134fd795e2322b7684155b7855cc99409d10b2e408056db2b93b51a52accc7 \
    --hash=sha256:2d47552b6e52c3319fede1b60b3de120fe83bde9b7bddad11a69fb0af7db32f1 \
    --hash=sha256:357495293086c5b6d34ca9616a43d329317feab7917518bc97a08f9e55648455 \
    --hash=sha256:35a2b9396879ce32754bd457d31a51ff0a9d426fd9e0e3c33394bf4b9036b099 \
    --hash=sha256:3777ce5536d17989c91696db1d459574e9a9bd37660ea7ee4d3344579bb6f129 \
    --hash=sha256:3986b6f41ad22988e53d5778f91855dc0399b043fc8946d4f2e68af22ee9ff10 \
    --hash=sha256:44d8ffbb9c06e5a7f529f38f53eda23e50d1ed33c6c869e01481d3fafa6b8142 \
    --hash=sha256:49a180c2e0743d5d6e0b4d1a9e5f633c62eca3f8a86ba5dd3c471060e352ca98 \
    --hash=sha256:4aa9741085f635934f3a2583e16fcf62ba835719a8b2b28fb2917bb0537c1dfa \
    --hash=sha256:4b21516d181cd77ebd06ce160ef8cc2a5e9ad35fb1c5930882baff5ac865eee7 \
    --hash=sha256:4b3c1ffe10069f655ea2d731808e76e0f452fc6c749bea04781daf18e6039525 \
    --hash=sha256:4c7d56b293cc071e82532f70adcbd8b61909eec973ae9d2d1f9b233f3d943f2c \
    --hash=sha256:4e9035df8d0880b2f1c7f5031f33f69e071dfe72ee9310cfc76f7b605958ceb9 \
    --hash=sha256:54525ae423d7b7a8ee81ba189f131054defdb122cde31ff17477951464c1691c \
    --hash=sha256:549d19c84c55d11687ddbd47eeb348a89df9cb30e1993f1b128f4685cd0ebbf8 \
    --hash=sha256:54beabb809ffcacbd9d28ac57b0db46e42a6e341a030293fb3185c409e626b8b \
    --hash=sha256:566db86717cf8080b99b58b083b773a908ae40f06681e87e589a976faf8246bf \
    --hash=sha256:5a2e2433eb9344a163aced6a5f6c9222c0786e5a9e9cac2c89f0b28433f56e23 \
    --hash=sha256:5aef935237d60a51a62b86249839b51345f47564208c6ee615ed2a40878dccdd \
    --hash=sha256:604f31d97fa493083ea21bd9b92c419012531c4e17ea6da0f65cacdcf5d0bd27 \
    --hash=sha256:63b20738b5aac74e239622d2fe30df4fca4942a86e31bf47a81a0e94c14df94f \
    --hash=sha256:686a0c2f85f83463272ddffd4deb5e591c98aac1897d65e92319f729c320eece \
    --hash=sha256:6a962e04b8f91f8c4e5917e518d17958e3bdee71fd1d8b88cdce74dd0ebbf434 \
    --hash=sha256:6ad6d10ed9b67a382b45f29ea028f92d25bc0bc1daf6c5b801b90b5aa70fb9ec \
    --hash=sha256:6f5cb257bc2ec58f437da2b37a8cd48f666db96d47b8a3115c29f316313654ff \
    --hash=sha256:6fe79f998a4052d79e1c30eeb7d6c1c1056ad33300f682465e1b4e9b5a188b78 \
    --hash=sha256:7855426dfbddac81896b6e533ebefc0af2f132d4a47340cee6d22cac7190022d \
    --hash=sha256:7d5aaac37d19b2904bb9dfe12cdb08c8443e7ba7d2852894ad448d4b8f442863 \
    --hash=sha256:801e9264d19643548651b9db361ce3287176671fb0117f96b5ac0ee1c3530d53 \
    --hash=sha256:81eb57278deb6098a5b62e88ad8281b2ba09f2f1147c4767522353eaa6260b31 \
    --hash=sha256:824d6c50492add5da9374875ce72db7a0733b29c2394890aef23d533106e2b15 \
    --hash=sha256:8397a3817d7dcdd14bb266283cd1d6fc7264a48c186b986f32e86d86d35fbac5 \
    --hash=sha256:848cd2a1df56ddbffeb375535fb62c9d1645dde33ca4d51341378b3f5954429b \
    --hash=sha256:84fc30f71689d7fc9168b92788abc977dc8cefa806909565fc2951d02f6b7d57 \
    --hash=sha256:8619d6915b3b0b34420cf9b2bb6d81ef59d984cb0fde7544e9ece32b4b3043c3 \
    --hash=sha256:8a854227cf581330ffa2c4824d96e52ee621dd571078a252c25e3a3b3d94a1b1 \
    --hash=sha256:8be9e837ea9113676e5754b43b940b50cce76d9ed7d2461df1af39a8ee674d9f \
    --hash=sha256:928cecb0ef9d5a7946eb6ff58417ad2fe9375762382f1bf5c55e61645f2c43ad \
    --hash=sha256:957b4774373cf6f709359e5c8c4a0af9f6d7875db657adb0feaf8d6cb3c3964c \
    --hash=sha256:992f18e0ea248ee03b5a6e8b3b4738850ae7dbb172cc41c966462801cbf62cf7 \
    --hash=sha256:9fc5fc1eeb029757349ad26bbc5880557389a03fa6ada41703db5e068881e5f2 \
    --hash=sha256:a00862fb23195b6b8322f7d781b0dc1d82cb3bcac346d1e38689370cc1cc398b \
    --hash=sha256:a3a6ed1d525bfb91b3fc9b690c5a21bb52de28c018530ad85093cc488bee2dd2 \
    --hash=sha256:a6327976c7c2f4ee6816eff196e25385ccc02cb81427952414a64811037bbc8b \
    --hash=sha256:a7409f968456111140c1c95301cadf071bd30a81cbd7ab829169fb9e3d72eae9 \
    --hash=sha256:a825ec844298c791fd28ed14ed1bffc56a98d15b8c58a20e0e08c1f5f2bea1be \
    --hash=sha256:a8c1df72eb746f4136fe9a2e72b0c9dc1da1cbd23b5372f94b5820ff8ae30e0e \
    --hash=sha256:a9bd00dc3bc395a662900f33f74feb3e757429e545d831eef5bb280252631984 \
    --hash=sha256:aa102d6d280a5455ad6a0f9e6d769989638718e938a6a0a2ff3f4a7ff8c62cc4 \
    --hash=sha256:aaaea1e536f98754a6e5c56091baa1b6ce2f2700cc4a00b0d49eca8dea471074 \
    --hash=sha256:ad4d7a90a92e528aadf4965d685c17dacff3df282db1121136c382dc0b6014d2 \
    --hash=sha256:b8477c1ee4bd47c57d49621a062121c3023609f7a13b8a46953eb6c9716ca392 \
    --hash=sha256:ba6f52cbc7809cd8d74604cce9c14868306ae4aa0282016b641c661f981a6e91 \
    --hash=sha256:bac8d525a8dbc2a1507ec731d2867025d11ceadcb4dd421423a5d42c56818541 \
    --hash=sha256:bef596fdaa8f26e3d66af846bbe77057237cb6e8efff8cd7cc8dff9a62278bbf \
    --hash=sha256:c0ec0ed476f77db9fb29bca17f0a8fcc7bc97ad4c6c1d8959c507decb22e8572 \
    --hash=sha256:c38c9ddb6103ceae4e4498f9c08fac9b590c5c71b0370f98714768e22ac6fa66 \
    --hash=sha256:c7224cab95645c7ab53791022ae77a4509472613e839dab722a72abe5a684575 \
    --hash=sha256:c74018551e31269d56fab81a728f683667e7c28c04e807ba08f8c9e3bba32f14 \
    --hash=sha256:ca06675212f94e7a610e85ca36948bb8fc023e458dd6c63ef71abfd482481aa5 \
    --hash=sha256:d1d2532b340b692880261c15aee4dc94dd22ca5d61b9db9a8a361953d36410b1 \
    --hash=sha256:d25039a474c4c72a5ad4b52495056f843a7ff07b632c1b92ea9043a3d9950f6e \
    --hash=sha256:d5ff2c858f5f6a42c2a8e751100f237c5e869cbde669a724f2062d4c4ef93551 \
    --hash=sha256:d7d7f7de27b8944f1fee2c26a88b4dabc2409d2fea7a9ed3df79b67277644e17 \
    --hash=sha256:d7eeb6d22331e2fd42fce928a81c697c9ee2d51400bd1a28803965883e13cead \
    --hash=sha256:d8a1c6c0be645c745a081c192e747c5de06e944a0d21245f4cf7c05e457c36e0 \
    --hash=sha256:d8b889777de69897406c9fb0b76cdf2fd0f31267861ae7501d93003d55f54fbe \
    --hash=sha256:d9e09c9d74f4566e905a0b8fa668c58109f7624db96a2171f21747abc7524234 \
    --hash=sha256:db8e58b9d79200c76956cefd14d5c90af54416ff5353c5bfd7cbe58818e26ef0 \
    --hash=sha256:ddb2a5c08a4eaaba605340fdee8fc08e406c56617566d9643ad8bf6852778fc7 \
    --hash=sha256:e0381b4ce23ff92f8170080c97678040fc5b08da85e9e292292aba67fdac6c34 \
    --hash=sha256:e23a6d84d9d1738dbc6e38167776107e63307dfc8ad108e580548d1f2c587f42 \
    --hash=sha256:e516dc8baf7b380e6c1c26792610230f37147bb754d6426462ab115a02944385 \
    --hash=sha256:ea65804b5dc88dacd4a40279af0cdadcfe74b3e5b4c897aa0d81cf86927fee78 \
    --hash=sha256:ec61d826d80fc293ed46c9dd26995921e3a82146feacd952ef0757236fc137be \
    --hash=sha256:ee04010f26d5102399bd17f8df8bc38dc7ccd7701dc77f4a68c5b8d733406958 \
    --hash=sha256:f3bc6af6e2b8f92eced34ef6a96ffb248e863af20ef4fde9448cc8c9b858b749 \
    --hash=sha256:f7d6b36dd2e029b6bcb8a13cf19664c7b8e19ab3a58e0fefbb5b8461447ed5ec
    # via gql
